
Microsoft Visual Studio Solution File, Format Version 12.00
# Visual Studio 14
VisualStudioVersion = 14.0.23107.0
MinimumVisualStudioVersion = 10.0.40219.1
Project("{FAE04EC0-301F-11D3-BF4B-00C04F79EFBC}") = "ConsoleApplication2", "ConsoleApplication2\ConsoleApplication2.csproj", "{0CA73995-72A0-4399-81CC-7A4D72D6EBA3}"
EndProject
Project("{FAE04EC0-301F-11D3-BF4B-00C04F79EFBC}") = "ConsoleApplication1", "ConsoleApplication1\ConsoleApplication1.csproj", "{384876F5-C137-47F0-9CC9-0579E567FEA1}"
EndProject
Project("{FAE04EC0-301F-11D3-BF4B-00C04F79EFBC}") = "K2Smartforms.TestingLibrary", "K2Smartforms.TestingLibrary\K2Smartforms.TestingLibrary.csproj", "{C6A2EA75-0948-4BCD-8AC7-701FF9EB233F}"
EndProject
Project("{FAE04EC0-301F-11D3-BF4B-00C04F79EFBC}") = "TestConsole", "TestConsole\TestConsole.csproj", "{A4A7F3DB-1B72-4C90-B0F9-167652ADEC73}"
EndProject
Project("{FAE04EC0-301F-11D3-BF4B-00C04F79EFBC}") = "K2.SmartForms.Testing", "K2.SmartForms.Testing\K2.SmartForms.Testing.csproj", "{480C2397-8103-4A2D-802C-AF02C2FA32B8}"
EndProject
Project("{2150E333-8FDC-42A3-9474-1A3956D46DE8}") = "NewFolder1", "NewFolder1", "{ABE850F4-F5F9-49D3-925C-C0AAEDABFAF8}"
	ProjectSection(SolutionItems) = preProject
		Test\MDM.IT.SoftwareChange14082016.zip = Test\MDM.IT.SoftwareChange14082016.zip
	EndProjectSection
EndProject
Global
	GlobalSection(SolutionConfigurationPlatforms) = preSolution
		Debug|Any CPU = Debug|Any CPU
		Release|Any CPU = Release|Any CPU
	EndGlobalSection
	GlobalSection(ProjectConfigurationPlatforms) = postSolution
		{0CA73995-72A0-4399-81CC-7A4D72D6EBA3}.Debug|Any CPU.ActiveCfg = Debug|Any CPU
		{0CA73995-72A0-4399-81CC-7A4D72D6EBA3}.Debug|Any CPU.Build.0 = Debug|Any CPU
		{0CA73995-72A0-4399-81CC-7A4D72D6EBA3}.Release|Any CPU.ActiveCfg = Release|Any CPU
		{0CA73995-72A0-4399-81CC-7A4D72D6EBA3}.Release|Any CPU.Build.0 = Release|Any CPU
		{384876F5-C137-47F0-9CC9-0579E567FEA1}.Debug|Any CPU.ActiveCfg = Debug|Any CPU
		{384876F5-C137-47F0-9CC9-0579E567FEA1}.Debug|Any CPU.Build.0 = Debug|Any CPU
		{384876F5-C137-47F0-9CC9-0579E567FEA1}.Release|Any CPU.ActiveCfg = Release|Any CPU
		{384876F5-C137-47F0-9CC9-0579E567FEA1}.Release|Any CPU.Build.0 = Release|Any CPU
		{C6A2EA75-0948-4BCD-8AC7-701FF9EB233F}.Debug|Any CPU.ActiveCfg = Debug|Any CPU
		{C6A2EA75-0948-4BCD-8AC7-701FF9EB233F}.Debug|Any CPU.Build.0 = Debug|Any CPU
		{C6A2EA75-0948-4BCD-8AC7-701FF9EB233F}.Release|Any CPU.ActiveCfg = Release|Any CPU
		{C6A2EA75-0948-4BCD-8AC7-701FF9EB233F}.Release|Any CPU.Build.0 = Release|Any CPU
		{A4A7F3DB-1B72-4C90-B0F9-167652ADEC73}.Debug|Any CPU.ActiveCfg = Debug|Any CPU
		{A4A7F3DB-1B72-4C90-B0F9-167652ADEC73}.Debug|Any CPU.Build.0 = Debug|Any CPU
		{A4A7F3DB-1B72-4C90-B0F9-167652ADEC73}.Release|Any CPU.ActiveCfg = Release|Any CPU
		{A4A7F3DB-1B72-4C90-B0F9-167652ADEC73}.Release|Any CPU.Build.0 = Release|Any CPU
		{480C2397-8103-4A2D-802C-AF02C2FA32B8}.Debug|Any CPU.ActiveCfg = Debug|Any CPU
		{480C2397-8103-4A2D-802C-AF02C2FA32B8}.Debug|Any CPU.Build.0 = Debug|Any CPU
		{480C2397-8103-4A2D-802C-AF02C2FA32B8}.Release|Any CPU.ActiveCfg = Release|Any CPU
		{480C2397-8103-4A2D-802C-AF02C2FA32B8}.Release|Any CPU.Build.0 = Release|Any CPU
	EndGlobalSection
	GlobalSection(SolutionProperties) = preSolution
		HideSolutionNode = FALSE
	EndGlobalSection
EndGlobal
